
Microsoft Visual Studio Solution File, Format Version 12.00
# Visual Studio 14
VisualStudioVersion = 14.0.25420.1
MinimumVisualStudioVersion = 10.0.40219.1
Project("{FAE04EC0-301F-11D3-BF4B-00C04F79EFBC}") = "FormBuilder", "FormBuilder\FormBuilder.csproj", "{FB53CF7D-3B68-45E4-B40E-ABFB1126F04A}"
EndProject
Project("{FAE04EC0-301F-11D3-BF4B-00C04F79EFBC}") = "FormManager.Common", "FormManager.Common\FormManager.Common.csproj", "{0E1DCC2B-A186-4C70-9114-AE2368034BD1}"
EndProject
Global
	GlobalSection(SolutionConfigurationPlatforms) = preSolution
		Debug|Any CPU = Debug|Any CPU
		MonoRelease|Any CPU = MonoRelease|Any CPU
		Nat's|Any CPU = Nat's|Any CPU
		Release|Any CPU = Release|Any CPU
	EndGlobalSection
	GlobalSection(ProjectConfigurationPlatforms) = postSolution
		{FB53CF7D-3B68-45E4-B40E-ABFB1126F04A}.Debug|Any CPU.ActiveCfg = Debug|Any CPU
		{FB53CF7D-3B68-45E4-B40E-ABFB1126F04A}.Debug|Any CPU.Build.0 = Debug|Any CPU
		{FB53CF7D-3B68-45E4-B40E-ABFB1126F04A}.MonoRelease|Any CPU.ActiveCfg = Release|Any CPU
		{FB53CF7D-3B68-45E4-B40E-ABFB1126F04A}.MonoRelease|Any CPU.Build.0 = Release|Any CPU
		{FB53CF7D-3B68-45E4-B40E-ABFB1126F04A}.Nat's|Any CPU.ActiveCfg = Release|Any CPU
		{FB53CF7D-3B68-45E4-B40E-ABFB1126F04A}.Nat's|Any CPU.Build.0 = Release|Any CPU
		{FB53CF7D-3B68-45E4-B40E-ABFB1126F04A}.Release|Any CPU.ActiveCfg = Release|Any CPU
		{FB53CF7D-3B68-45E4-B40E-ABFB1126F04A}.Release|Any CPU.Build.0 = Release|Any CPU
		{0E1DCC2B-A186-4C70-9114-AE2368034BD1}.Debug|Any CPU.ActiveCfg = Debug|Any CPU
		{0E1DCC2B-A186-4C70-9114-AE2368034BD1}.Debug|Any CPU.Build.0 = Debug|Any CPU
		{0E1DCC2B-A186-4C70-9114-AE2368034BD1}.MonoRelease|Any CPU.ActiveCfg = Release|Any CPU
		{0E1DCC2B-A186-4C70-9114-AE2368034BD1}.MonoRelease|Any CPU.Build.0 = Release|Any CPU
		{0E1DCC2B-A186-4C70-9114-AE2368034BD1}.Nat's|Any CPU.ActiveCfg = Release|Any CPU
		{0E1DCC2B-A186-4C70-9114-AE2368034BD1}.Nat's|Any CPU.Build.0 = Release|Any CPU
		{0E1DCC2B-A186-4C70-9114-AE2368034BD1}.Release|Any CPU.ActiveCfg = Release|Any CPU
		{0E1DCC2B-A186-4C70-9114-AE2368034BD1}.Release|Any CPU.Build.0 = Release|Any CPU
	EndGlobalSection
	GlobalSection(SolutionProperties) = preSolution
		HideSolutionNode = FALSE
	EndGlobalSection
EndGlobal
