
Microsoft Visual Studio Solution File, Format Version 12.00
# Visual Studio 14
VisualStudioVersion = 14.0.25420.1
MinimumVisualStudioVersion = 10.0.40219.1
Project("{FAE04EC0-301F-11D3-BF4B-00C04F79EFBC}") = "FormsMobile.Android", "FormsMobile\FormsMobile.Android\FormsMobile.Android.csproj", "{E97CEC9C-D1BB-45D5-89AC-3293862513BE}"
EndProject
Project("{FAE04EC0-301F-11D3-BF4B-00C04F79EFBC}") = "FormsMobile", "FormsMobile\FormsMobile\FormsMobile.csproj", "{9F960909-10F3-47DA-A71C-8E51477FCA1B}"
EndProject
Project("{FAE04EC0-301F-11D3-BF4B-00C04F79EFBC}") = "FormManager.Common.PCL", "FormManager.Common\FormManager.Common.PCL.csproj", "{67F9D3A8-F71E-4428-913F-C37AE82CDB24}"
EndProject
Project("{FAE04EC0-301F-11D3-BF4B-00C04F79EFBC}") = "OpenNETCF.IoC.Xamarin.Forms", "..\shared\OpenNETCF.IoC\OpenNETCF.IoC.Xamarin.Forms.csproj", "{E2FEFCB7-D29F-47AD-BFE4-9DC02FEABF5D}"
EndProject
Project("{FAE04EC0-301F-11D3-BF4B-00C04F79EFBC}") = "OpenNETCF.Extensions.PCL", "..\extensions\OpenNETCF.Extensions.PCL.csproj", "{0CCFEEE5-54E1-45F6-B699-D64CE5A36F00}"
EndProject
Project("{FAE04EC0-301F-11D3-BF4B-00C04F79EFBC}") = "OpenNETCF.Google.Analytics", "..\shared\OpenNETCF.Google.Analytics\Portable\OpenNETCF.Google.Analytics.csproj", "{073B3F16-C162-43F6-A0A2-0D4008BF817D}"
EndProject
Project("{2150E333-8FDC-42A3-9474-1A3956D46DE8}") = "Reference", "Reference", "{3A74A015-D3F5-4A53-8B59-D6FCBFF08640}"
EndProject
Project("{FAE04EC0-301F-11D3-BF4B-00C04F79EFBC}") = "OpenNETCF.Google.Analytics.Android", "..\shared\OpenNETCF.Google.Analytics\OpenNETCF.Google.Analytics.Android\OpenNETCF.Google.Analytics.Android.csproj", "{A9CF579A-C302-46EB-86AA-A346B1855C30}"
EndProject
Project("{FAE04EC0-301F-11D3-BF4B-00C04F79EFBC}") = "OpenNETCF.Xamarin.Forms", "..\xamarin-forms\Portable\OpenNETCF.Xamarin.Forms.csproj", "{DD0C6E1F-1AB9-424E-B268-5ED036CB0072}"
EndProject
Project("{FAE04EC0-301F-11D3-BF4B-00C04F79EFBC}") = "OpenNETCF.Xamarin.Forms.Android", "..\xamarin-forms\OpenNETCF.Xamarin.Forms.Android\OpenNETCF.Xamarin.Forms.Android.csproj", "{E09B41F3-31E7-4E2D-83AA-E74176BD28D7}"
EndProject
Project("{FAE04EC0-301F-11D3-BF4B-00C04F79EFBC}") = "OpenNETCF.Xamarin.MVVM", "..\mvvm\OpenNETCF.Xamarin.MVVM.csproj", "{9A144F78-F873-47D5-AC54-51EA02DCF83A}"
EndProject
Global
	GlobalSection(SolutionConfigurationPlatforms) = preSolution
		Ad-Hoc|Any CPU = Ad-Hoc|Any CPU
		Ad-Hoc|ARM = Ad-Hoc|ARM
		Ad-Hoc|iPhone = Ad-Hoc|iPhone
		Ad-Hoc|iPhoneSimulator = Ad-Hoc|iPhoneSimulator
		Ad-Hoc|x64 = Ad-Hoc|x64
		Ad-Hoc|x86 = Ad-Hoc|x86
		AppStore|Any CPU = AppStore|Any CPU
		AppStore|ARM = AppStore|ARM
		AppStore|iPhone = AppStore|iPhone
		AppStore|iPhoneSimulator = AppStore|iPhoneSimulator
		AppStore|x64 = AppStore|x64
		AppStore|x86 = AppStore|x86
		Debug|Any CPU = Debug|Any CPU
		Debug|ARM = Debug|ARM
		Debug|iPhone = Debug|iPhone
		Debug|iPhoneSimulator = Debug|iPhoneSimulator
		Debug|x64 = Debug|x64
		Debug|x86 = Debug|x86
		Release|Any CPU = Release|Any CPU
		Release|ARM = Release|ARM
		Release|iPhone = Release|iPhone
		Release|iPhoneSimulator = Release|iPhoneSimulator
		Release|x64 = Release|x64
		Release|x86 = Release|x86
	EndGlobalSection
	GlobalSection(ProjectConfigurationPlatforms) = postSolution
		{E97CEC9C-D1BB-45D5-89AC-3293862513BE}.Ad-Hoc|Any CPU.ActiveCfg = Release|Any CPU
		{E97CEC9C-D1BB-45D5-89AC-3293862513BE}.Ad-Hoc|Any CPU.Build.0 = Release|Any CPU
		{E97CEC9C-D1BB-45D5-89AC-3293862513BE}.Ad-Hoc|Any CPU.Deploy.0 = Release|Any CPU
		{E97CEC9C-D1BB-45D5-89AC-3293862513BE}.Ad-Hoc|ARM.ActiveCfg = Release|Any CPU
		{E97CEC9C-D1BB-45D5-89AC-3293862513BE}.Ad-Hoc|ARM.Build.0 = Release|Any CPU
		{E97CEC9C-D1BB-45D5-89AC-3293862513BE}.Ad-Hoc|ARM.Deploy.0 = Release|Any CPU
		{E97CEC9C-D1BB-45D5-89AC-3293862513BE}.Ad-Hoc|iPhone.ActiveCfg = Release|Any CPU
		{E97CEC9C-D1BB-45D5-89AC-3293862513BE}.Ad-Hoc|iPhone.Build.0 = Release|Any CPU
		{E97CEC9C-D1BB-45D5-89AC-3293862513BE}.Ad-Hoc|iPhone.Deploy.0 = Release|Any CPU
		{E97CEC9C-D1BB-45D5-89AC-3293862513BE}.Ad-Hoc|iPhoneSimulator.ActiveCfg = Release|Any CPU
		{E97CEC9C-D1BB-45D5-89AC-3293862513BE}.Ad-Hoc|iPhoneSimulator.Build.0 = Release|Any CPU
		{E97CEC9C-D1BB-45D5-89AC-3293862513BE}.Ad-Hoc|iPhoneSimulator.Deploy.0 = Release|Any CPU
		{E97CEC9C-D1BB-45D5-89AC-3293862513BE}.Ad-Hoc|x64.ActiveCfg = Release|Any CPU
		{E97CEC9C-D1BB-45D5-89AC-3293862513BE}.Ad-Hoc|x64.Build.0 = Release|Any CPU
		{E97CEC9C-D1BB-45D5-89AC-3293862513BE}.Ad-Hoc|x64.Deploy.0 = Release|Any CPU
		{E97CEC9C-D1BB-45D5-89AC-3293862513BE}.Ad-Hoc|x86.ActiveCfg = Release|Any CPU
		{E97CEC9C-D1BB-45D5-89AC-3293862513BE}.Ad-Hoc|x86.Build.0 = Release|Any CPU
		{E97CEC9C-D1BB-45D5-89AC-3293862513BE}.Ad-Hoc|x86.Deploy.0 = Release|Any CPU
		{E97CEC9C-D1BB-45D5-89AC-3293862513BE}.AppStore|Any CPU.ActiveCfg = Release|Any CPU
		{E97CEC9C-D1BB-45D5-89AC-3293862513BE}.AppStore|Any CPU.Build.0 = Release|Any CPU
		{E97CEC9C-D1BB-45D5-89AC-3293862513BE}.AppStore|Any CPU.Deploy.0 = Release|Any CPU
		{E97CEC9C-D1BB-45D5-89AC-3293862513BE}.AppStore|ARM.ActiveCfg = Release|Any CPU
		{E97CEC9C-D1BB-45D5-89AC-3293862513BE}.AppStore|ARM.Build.0 = Release|Any CPU
		{E97CEC9C-D1BB-45D5-89AC-3293862513BE}.AppStore|ARM.Deploy.0 = Release|Any CPU
		{E97CEC9C-D1BB-45D5-89AC-3293862513BE}.AppStore|iPhone.ActiveCfg = Release|Any CPU
		{E97CEC9C-D1BB-45D5-89AC-3293862513BE}.AppStore|iPhone.Build.0 = Release|Any CPU
		{E97CEC9C-D1BB-45D5-89AC-3293862513BE}.AppStore|iPhone.Deploy.0 = Release|Any CPU
		{E97CEC9C-D1BB-45D5-89AC-3293862513BE}.AppStore|iPhoneSimulator.ActiveCfg = Release|Any CPU
		{E97CEC9C-D1BB-45D5-89AC-3293862513BE}.AppStore|iPhoneSimulator.Build.0 = Release|Any CPU
		{E97CEC9C-D1BB-45D5-89AC-3293862513BE}.AppStore|iPhoneSimulator.Deploy.0 = Release|Any CPU
		{E97CEC9C-D1BB-45D5-89AC-3293862513BE}.AppStore|x64.ActiveCfg = Release|Any CPU
		{E97CEC9C-D1BB-45D5-89AC-3293862513BE}.AppStore|x64.Build.0 = Release|Any CPU
		{E97CEC9C-D1BB-45D5-89AC-3293862513BE}.AppStore|x64.Deploy.0 = Release|Any CPU
		{E97CEC9C-D1BB-45D5-89AC-3293862513BE}.AppStore|x86.ActiveCfg = Release|Any CPU
		{E97CEC9C-D1BB-45D5-89AC-3293862513BE}.AppStore|x86.Build.0 = Release|Any CPU
		{E97CEC9C-D1BB-45D5-89AC-3293862513BE}.AppStore|x86.Deploy.0 = Release|Any CPU
		{E97CEC9C-D1BB-45D5-89AC-3293862513BE}.Debug|Any CPU.ActiveCfg = Debug|Any CPU
		{E97CEC9C-D1BB-45D5-89AC-3293862513BE}.Debug|Any CPU.Build.0 = Debug|Any CPU
		{E97CEC9C-D1BB-45D5-89AC-3293862513BE}.Debug|Any CPU.Deploy.0 = Debug|Any CPU
		{E97CEC9C-D1BB-45D5-89AC-3293862513BE}.Debug|ARM.ActiveCfg = Debug|Any CPU
		{E97CEC9C-D1BB-45D5-89AC-3293862513BE}.Debug|ARM.Build.0 = Debug|Any CPU
		{E97CEC9C-D1BB-45D5-89AC-3293862513BE}.Debug|ARM.Deploy.0 = Debug|Any CPU
		{E97CEC9C-D1BB-45D5-89AC-3293862513BE}.Debug|iPhone.ActiveCfg = Debug|Any CPU
		{E97CEC9C-D1BB-45D5-89AC-3293862513BE}.Debug|iPhone.Build.0 = Debug|Any CPU
		{E97CEC9C-D1BB-45D5-89AC-3293862513BE}.Debug|iPhone.Deploy.0 = Debug|Any CPU
		{E97CEC9C-D1BB-45D5-89AC-3293862513BE}.Debug|iPhoneSimulator.ActiveCfg = Debug|Any CPU
		{E97CEC9C-D1BB-45D5-89AC-3293862513BE}.Debug|iPhoneSimulator.Build.0 = Debug|Any CPU
		{E97CEC9C-D1BB-45D5-89AC-3293862513BE}.Debug|iPhoneSimulator.Deploy.0 = Debug|Any CPU
		{E97CEC9C-D1BB-45D5-89AC-3293862513BE}.Debug|x64.ActiveCfg = Debug|Any CPU
		{E97CEC9C-D1BB-45D5-89AC-3293862513BE}.Debug|x64.Build.0 = Debug|Any CPU
		{E97CEC9C-D1BB-45D5-89AC-3293862513BE}.Debug|x64.Deploy.0 = Debug|Any CPU
		{E97CEC9C-D1BB-45D5-89AC-3293862513BE}.Debug|x86.ActiveCfg = Debug|Any CPU
		{E97CEC9C-D1BB-45D5-89AC-3293862513BE}.Debug|x86.Build.0 = Debug|Any CPU
		{E97CEC9C-D1BB-45D5-89AC-3293862513BE}.Debug|x86.Deploy.0 = Debug|Any CPU
		{E97CEC9C-D1BB-45D5-89AC-3293862513BE}.Release|Any CPU.ActiveCfg = Release|Any CPU
		{E97CEC9C-D1BB-45D5-89AC-3293862513BE}.Release|Any CPU.Build.0 = Release|Any CPU
		{E97CEC9C-D1BB-45D5-89AC-3293862513BE}.Release|Any CPU.Deploy.0 = Release|Any CPU
		{E97CEC9C-D1BB-45D5-89AC-3293862513BE}.Release|ARM.ActiveCfg = Release|Any CPU
		{E97CEC9C-D1BB-45D5-89AC-3293862513BE}.Release|ARM.Build.0 = Release|Any CPU
		{E97CEC9C-D1BB-45D5-89AC-3293862513BE}.Release|ARM.Deploy.0 = Release|Any CPU
		{E97CEC9C-D1BB-45D5-89AC-3293862513BE}.Release|iPhone.ActiveCfg = Release|Any CPU
		{E97CEC9C-D1BB-45D5-89AC-3293862513BE}.Release|iPhone.Build.0 = Release|Any CPU
		{E97CEC9C-D1BB-45D5-89AC-3293862513BE}.Release|iPhone.Deploy.0 = Release|Any CPU
		{E97CEC9C-D1BB-45D5-89AC-3293862513BE}.Release|iPhoneSimulator.ActiveCfg = Release|Any CPU
		{E97CEC9C-D1BB-45D5-89AC-3293862513BE}.Release|iPhoneSimulator.Build.0 = Release|Any CPU
		{E97CEC9C-D1BB-45D5-89AC-3293862513BE}.Release|iPhoneSimulator.Deploy.0 = Release|Any CPU
		{E97CEC9C-D1BB-45D5-89AC-3293862513BE}.Release|x64.ActiveCfg = Release|Any CPU
		{E97CEC9C-D1BB-45D5-89AC-3293862513BE}.Release|x64.Build.0 = Release|Any CPU
		{E97CEC9C-D1BB-45D5-89AC-3293862513BE}.Release|x64.Deploy.0 = Release|Any CPU
		{E97CEC9C-D1BB-45D5-89AC-3293862513BE}.Release|x86.ActiveCfg = Release|Any CPU
		{E97CEC9C-D1BB-45D5-89AC-3293862513BE}.Release|x86.Build.0 = Release|Any CPU
		{E97CEC9C-D1BB-45D5-89AC-3293862513BE}.Release|x86.Deploy.0 = Release|Any CPU
		{9F960909-10F3-47DA-A71C-8E51477FCA1B}.Ad-Hoc|Any CPU.ActiveCfg = Release|Any CPU
		{9F960909-10F3-47DA-A71C-8E51477FCA1B}.Ad-Hoc|Any CPU.Build.0 = Release|Any CPU
		{9F960909-10F3-47DA-A71C-8E51477FCA1B}.Ad-Hoc|ARM.ActiveCfg = Release|Any CPU
		{9F960909-10F3-47DA-A71C-8E51477FCA1B}.Ad-Hoc|ARM.Build.0 = Release|Any CPU
		{9F960909-10F3-47DA-A71C-8E51477FCA1B}.Ad-Hoc|iPhone.ActiveCfg = Release|Any CPU
		{9F960909-10F3-47DA-A71C-8E51477FCA1B}.Ad-Hoc|iPhone.Build.0 = Release|Any CPU
		{9F960909-10F3-47DA-A71C-8E51477FCA1B}.Ad-Hoc|iPhoneSimulator.ActiveCfg = Release|Any CPU
		{9F960909-10F3-47DA-A71C-8E51477FCA1B}.Ad-Hoc|iPhoneSimulator.Build.0 = Release|Any CPU
		{9F960909-10F3-47DA-A71C-8E51477FCA1B}.Ad-Hoc|x64.ActiveCfg = Release|Any CPU
		{9F960909-10F3-47DA-A71C-8E51477FCA1B}.Ad-Hoc|x64.Build.0 = Release|Any CPU
		{9F960909-10F3-47DA-A71C-8E51477FCA1B}.Ad-Hoc|x86.ActiveCfg = Release|Any CPU
		{9F960909-10F3-47DA-A71C-8E51477FCA1B}.Ad-Hoc|x86.Build.0 = Release|Any CPU
		{9F960909-10F3-47DA-A71C-8E51477FCA1B}.AppStore|Any CPU.ActiveCfg = Release|Any CPU
		{9F960909-10F3-47DA-A71C-8E51477FCA1B}.AppStore|Any CPU.Build.0 = Release|Any CPU
		{9F960909-10F3-47DA-A71C-8E51477FCA1B}.AppStore|ARM.ActiveCfg = Release|Any CPU
		{9F960909-10F3-47DA-A71C-8E51477FCA1B}.AppStore|ARM.Build.0 = Release|Any CPU
		{9F960909-10F3-47DA-A71C-8E51477FCA1B}.AppStore|iPhone.ActiveCfg = Release|Any CPU
		{9F960909-10F3-47DA-A71C-8E51477FCA1B}.AppStore|iPhone.Build.0 = Release|Any CPU
		{9F960909-10F3-47DA-A71C-8E51477FCA1B}.AppStore|iPhoneSimulator.ActiveCfg = Release|Any CPU
		{9F960909-10F3-47DA-A71C-8E51477FCA1B}.AppStore|iPhoneSimulator.Build.0 = Release|Any CPU
		{9F960909-10F3-47DA-A71C-8E51477FCA1B}.AppStore|x64.ActiveCfg = Release|Any CPU
		{9F960909-10F3-47DA-A71C-8E51477FCA1B}.AppStore|x64.Build.0 = Release|Any CPU
		{9F960909-10F3-47DA-A71C-8E51477FCA1B}.AppStore|x86.ActiveCfg = Release|Any CPU
		{9F960909-10F3-47DA-A71C-8E51477FCA1B}.AppStore|x86.Build.0 = Release|Any CPU
		{9F960909-10F3-47DA-A71C-8E51477FCA1B}.Debug|Any CPU.ActiveCfg = Debug|Any CPU
		{9F960909-10F3-47DA-A71C-8E51477FCA1B}.Debug|Any CPU.Build.0 = Debug|Any CPU
		{9F960909-10F3-47DA-A71C-8E51477FCA1B}.Debug|ARM.ActiveCfg = Debug|Any CPU
		{9F960909-10F3-47DA-A71C-8E51477FCA1B}.Debug|ARM.Build.0 = Debug|Any CPU
		{9F960909-10F3-47DA-A71C-8E51477FCA1B}.Debug|iPhone.ActiveCfg = Debug|Any CPU
		{9F960909-10F3-47DA-A71C-8E51477FCA1B}.Debug|iPhone.Build.0 = Debug|Any CPU
		{9F960909-10F3-47DA-A71C-8E51477FCA1B}.Debug|iPhoneSimulator.ActiveCfg = Debug|Any CPU
		{9F960909-10F3-47DA-A71C-8E51477FCA1B}.Debug|iPhoneSimulator.Build.0 = Debug|Any CPU
		{9F960909-10F3-47DA-A71C-8E51477FCA1B}.Debug|x64.ActiveCfg = Debug|Any CPU
		{9F960909-10F3-47DA-A71C-8E51477FCA1B}.Debug|x64.Build.0 = Debug|Any CPU
		{9F960909-10F3-47DA-A71C-8E51477FCA1B}.Debug|x86.ActiveCfg = Debug|Any CPU
		{9F960909-10F3-47DA-A71C-8E51477FCA1B}.Debug|x86.Build.0 = Debug|Any CPU
		{9F960909-10F3-47DA-A71C-8E51477FCA1B}.Release|Any CPU.ActiveCfg = Release|Any CPU
		{9F960909-10F3-47DA-A71C-8E51477FCA1B}.Release|Any CPU.Build.0 = Release|Any CPU
		{9F960909-10F3-47DA-A71C-8E51477FCA1B}.Release|ARM.ActiveCfg = Release|Any CPU
		{9F960909-10F3-47DA-A71C-8E51477FCA1B}.Release|ARM.Build.0 = Release|Any CPU
		{9F960909-10F3-47DA-A71C-8E51477FCA1B}.Release|iPhone.ActiveCfg = Release|Any CPU
		{9F960909-10F3-47DA-A71C-8E51477FCA1B}.Release|iPhone.Build.0 = Release|Any CPU
		{9F960909-10F3-47DA-A71C-8E51477FCA1B}.Release|iPhoneSimulator.ActiveCfg = Release|Any CPU
		{9F960909-10F3-47DA-A71C-8E51477FCA1B}.Release|iPhoneSimulator.Build.0 = Release|Any CPU
		{9F960909-10F3-47DA-A71C-8E51477FCA1B}.Release|x64.ActiveCfg = Release|Any CPU
		{9F960909-10F3-47DA-A71C-8E51477FCA1B}.Release|x64.Build.0 = Release|Any CPU
		{9F960909-10F3-47DA-A71C-8E51477FCA1B}.Release|x86.ActiveCfg = Release|Any CPU
		{9F960909-10F3-47DA-A71C-8E51477FCA1B}.Release|x86.Build.0 = Release|Any CPU
		{67F9D3A8-F71E-4428-913F-C37AE82CDB24}.Ad-Hoc|Any CPU.ActiveCfg = Release|Any CPU
		{67F9D3A8-F71E-4428-913F-C37AE82CDB24}.Ad-Hoc|Any CPU.Build.0 = Release|Any CPU
		{67F9D3A8-F71E-4428-913F-C37AE82CDB24}.Ad-Hoc|ARM.ActiveCfg = Release|Any CPU
		{67F9D3A8-F71E-4428-913F-C37AE82CDB24}.Ad-Hoc|ARM.Build.0 = Release|Any CPU
		{67F9D3A8-F71E-4428-913F-C37AE82CDB24}.Ad-Hoc|iPhone.ActiveCfg = Release|Any CPU
		{67F9D3A8-F71E-4428-913F-C37AE82CDB24}.Ad-Hoc|iPhone.Build.0 = Release|Any CPU
		{67F9D3A8-F71E-4428-913F-C37AE82CDB24}.Ad-Hoc|iPhoneSimulator.ActiveCfg = Release|Any CPU
		{67F9D3A8-F71E-4428-913F-C37AE82CDB24}.Ad-Hoc|iPhoneSimulator.Build.0 = Release|Any CPU
		{67F9D3A8-F71E-4428-913F-C37AE82CDB24}.Ad-Hoc|x64.ActiveCfg = Release|Any CPU
		{67F9D3A8-F71E-4428-913F-C37AE82CDB24}.Ad-Hoc|x64.Build.0 = Release|Any CPU
		{67F9D3A8-F71E-4428-913F-C37AE82CDB24}.Ad-Hoc|x86.ActiveCfg = Release|Any CPU
		{67F9D3A8-F71E-4428-913F-C37AE82CDB24}.Ad-Hoc|x86.Build.0 = Release|Any CPU
		{67F9D3A8-F71E-4428-913F-C37AE82CDB24}.AppStore|Any CPU.ActiveCfg = Release|Any CPU
		{67F9D3A8-F71E-4428-913F-C37AE82CDB24}.AppStore|Any CPU.Build.0 = Release|Any CPU
		{67F9D3A8-F71E-4428-913F-C37AE82CDB24}.AppStore|ARM.ActiveCfg = Release|Any CPU
		{67F9D3A8-F71E-4428-913F-C37AE82CDB24}.AppStore|ARM.Build.0 = Release|Any CPU
		{67F9D3A8-F71E-4428-913F-C37AE82CDB24}.AppStore|iPhone.ActiveCfg = Release|Any CPU
		{67F9D3A8-F71E-4428-913F-C37AE82CDB24}.AppStore|iPhone.Build.0 = Release|Any CPU
		{67F9D3A8-F71E-4428-913F-C37AE82CDB24}.AppStore|iPhoneSimulator.ActiveCfg = Release|Any CPU
		{67F9D3A8-F71E-4428-913F-C37AE82CDB24}.AppStore|iPhoneSimulator.Build.0 = Release|Any CPU
		{67F9D3A8-F71E-4428-913F-C37AE82CDB24}.AppStore|x64.ActiveCfg = Release|Any CPU
		{67F9D3A8-F71E-4428-913F-C37AE82CDB24}.AppStore|x64.Build.0 = Release|Any CPU
		{67F9D3A8-F71E-4428-913F-C37AE82CDB24}.AppStore|x86.ActiveCfg = Release|Any CPU
		{67F9D3A8-F71E-4428-913F-C37AE82CDB24}.AppStore|x86.Build.0 = Release|Any CPU
		{67F9D3A8-F71E-4428-913F-C37AE82CDB24}.Debug|Any CPU.ActiveCfg = Debug|Any CPU
		{67F9D3A8-F71E-4428-913F-C37AE82CDB24}.Debug|Any CPU.Build.0 = Debug|Any CPU
		{67F9D3A8-F71E-4428-913F-C37AE82CDB24}.Debug|ARM.ActiveCfg = Debug|Any CPU
		{67F9D3A8-F71E-4428-913F-C37AE82CDB24}.Debug|ARM.Build.0 = Debug|Any CPU
		{67F9D3A8-F71E-4428-913F-C37AE82CDB24}.Debug|iPhone.ActiveCfg = Debug|Any CPU
		{67F9D3A8-F71E-4428-913F-C37AE82CDB24}.Debug|iPhone.Build.0 = Debug|Any CPU
		{67F9D3A8-F71E-4428-913F-C37AE82CDB24}.Debug|iPhoneSimulator.ActiveCfg = Debug|Any CPU
		{67F9D3A8-F71E-4428-913F-C37AE82CDB24}.Debug|iPhoneSimulator.Build.0 = Debug|Any CPU
		{67F9D3A8-F71E-4428-913F-C37AE82CDB24}.Debug|x64.ActiveCfg = Debug|Any CPU
		{67F9D3A8-F71E-4428-913F-C37AE82CDB24}.Debug|x64.Build.0 = Debug|Any CPU
		{67F9D3A8-F71E-4428-913F-C37AE82CDB24}.Debug|x86.ActiveCfg = Debug|Any CPU
		{67F9D3A8-F71E-4428-913F-C37AE82CDB24}.Debug|x86.Build.0 = Debug|Any CPU
		{67F9D3A8-F71E-4428-913F-C37AE82CDB24}.Release|Any CPU.ActiveCfg = Release|Any CPU
		{67F9D3A8-F71E-4428-913F-C37AE82CDB24}.Release|Any CPU.Build.0 = Release|Any CPU
		{67F9D3A8-F71E-4428-913F-C37AE82CDB24}.Release|ARM.ActiveCfg = Release|Any CPU
		{67F9D3A8-F71E-4428-913F-C37AE82CDB24}.Release|ARM.Build.0 = Release|Any CPU
		{67F9D3A8-F71E-4428-913F-C37AE82CDB24}.Release|iPhone.ActiveCfg = Release|Any CPU
		{67F9D3A8-F71E-4428-913F-C37AE82CDB24}.Release|iPhone.Build.0 = Release|Any CPU
		{67F9D3A8-F71E-4428-913F-C37AE82CDB24}.Release|iPhoneSimulator.ActiveCfg = Release|Any CPU
		{67F9D3A8-F71E-4428-913F-C37AE82CDB24}.Release|iPhoneSimulator.Build.0 = Release|Any CPU
		{67F9D3A8-F71E-4428-913F-C37AE82CDB24}.Release|x64.ActiveCfg = Release|Any CPU
		{67F9D3A8-F71E-4428-913F-C37AE82CDB24}.Release|x64.Build.0 = Release|Any CPU
		{67F9D3A8-F71E-4428-913F-C37AE82CDB24}.Release|x86.ActiveCfg = Release|Any CPU
		{67F9D3A8-F71E-4428-913F-C37AE82CDB24}.Release|x86.Build.0 = Release|Any CPU
		{E2FEFCB7-D29F-47AD-BFE4-9DC02FEABF5D}.Ad-Hoc|Any CPU.ActiveCfg = Release|Any CPU
		{E2FEFCB7-D29F-47AD-BFE4-9DC02FEABF5D}.Ad-Hoc|Any CPU.Build.0 = Release|Any CPU
		{E2FEFCB7-D29F-47AD-BFE4-9DC02FEABF5D}.Ad-Hoc|ARM.ActiveCfg = Release|Any CPU
		{E2FEFCB7-D29F-47AD-BFE4-9DC02FEABF5D}.Ad-Hoc|ARM.Build.0 = Release|Any CPU
		{E2FEFCB7-D29F-47AD-BFE4-9DC02FEABF5D}.Ad-Hoc|iPhone.ActiveCfg = Release|Any CPU
		{E2FEFCB7-D29F-47AD-BFE4-9DC02FEABF5D}.Ad-Hoc|iPhone.Build.0 = Release|Any CPU
		{E2FEFCB7-D29F-47AD-BFE4-9DC02FEABF5D}.Ad-Hoc|iPhoneSimulator.ActiveCfg = Release|Any CPU
		{E2FEFCB7-D29F-47AD-BFE4-9DC02FEABF5D}.Ad-Hoc|iPhoneSimulator.Build.0 = Release|Any CPU
		{E2FEFCB7-D29F-47AD-BFE4-9DC02FEABF5D}.Ad-Hoc|x64.ActiveCfg = Release|Any CPU
		{E2FEFCB7-D29F-47AD-BFE4-9DC02FEABF5D}.Ad-Hoc|x64.Build.0 = Release|Any CPU
		{E2FEFCB7-D29F-47AD-BFE4-9DC02FEABF5D}.Ad-Hoc|x86.ActiveCfg = Release|Any CPU
		{E2FEFCB7-D29F-47AD-BFE4-9DC02FEABF5D}.Ad-Hoc|x86.Build.0 = Release|Any CPU
		{E2FEFCB7-D29F-47AD-BFE4-9DC02FEABF5D}.AppStore|Any CPU.ActiveCfg = Release|Any CPU
		{E2FEFCB7-D29F-47AD-BFE4-9DC02FEABF5D}.AppStore|Any CPU.Build.0 = Release|Any CPU
		{E2FEFCB7-D29F-47AD-BFE4-9DC02FEABF5D}.AppStore|ARM.ActiveCfg = Release|Any CPU
		{E2FEFCB7-D29F-47AD-BFE4-9DC02FEABF5D}.AppStore|ARM.Build.0 = Release|Any CPU
		{E2FEFCB7-D29F-47AD-BFE4-9DC02FEABF5D}.AppStore|iPhone.ActiveCfg = Release|Any CPU
		{E2FEFCB7-D29F-47AD-BFE4-9DC02FEABF5D}.AppStore|iPhone.Build.0 = Release|Any CPU
		{E2FEFCB7-D29F-47AD-BFE4-9DC02FEABF5D}.AppStore|iPhoneSimulator.ActiveCfg = Release|Any CPU
		{E2FEFCB7-D29F-47AD-BFE4-9DC02FEABF5D}.AppStore|iPhoneSimulator.Build.0 = Release|Any CPU
		{E2FEFCB7-D29F-47AD-BFE4-9DC02FEABF5D}.AppStore|x64.ActiveCfg = Release|Any CPU
		{E2FEFCB7-D29F-47AD-BFE4-9DC02FEABF5D}.AppStore|x64.Build.0 = Release|Any CPU
		{E2FEFCB7-D29F-47AD-BFE4-9DC02FEABF5D}.AppStore|x86.ActiveCfg = Release|Any CPU
		{E2FEFCB7-D29F-47AD-BFE4-9DC02FEABF5D}.AppStore|x86.Build.0 = Release|Any CPU
		{E2FEFCB7-D29F-47AD-BFE4-9DC02FEABF5D}.Debug|Any CPU.ActiveCfg = Debug|Any CPU
		{E2FEFCB7-D29F-47AD-BFE4-9DC02FEABF5D}.Debug|Any CPU.Build.0 = Debug|Any CPU
		{E2FEFCB7-D29F-47AD-BFE4-9DC02FEABF5D}.Debug|ARM.ActiveCfg = Debug|Any CPU
		{E2FEFCB7-D29F-47AD-BFE4-9DC02FEABF5D}.Debug|ARM.Build.0 = Debug|Any CPU
		{E2FEFCB7-D29F-47AD-BFE4-9DC02FEABF5D}.Debug|iPhone.ActiveCfg = Debug|Any CPU
		{E2FEFCB7-D29F-47AD-BFE4-9DC02FEABF5D}.Debug|iPhone.Build.0 = Debug|Any CPU
		{E2FEFCB7-D29F-47AD-BFE4-9DC02FEABF5D}.Debug|iPhoneSimulator.ActiveCfg = Debug|Any CPU
		{E2FEFCB7-D29F-47AD-BFE4-9DC02FEABF5D}.Debug|iPhoneSimulator.Build.0 = Debug|Any CPU
		{E2FEFCB7-D29F-47AD-BFE4-9DC02FEABF5D}.Debug|x64.ActiveCfg = Debug|Any CPU
		{E2FEFCB7-D29F-47AD-BFE4-9DC02FEABF5D}.Debug|x64.Build.0 = Debug|Any CPU
		{E2FEFCB7-D29F-47AD-BFE4-9DC02FEABF5D}.Debug|x86.ActiveCfg = Debug|Any CPU
		{E2FEFCB7-D29F-47AD-BFE4-9DC02FEABF5D}.Debug|x86.Build.0 = Debug|Any CPU
		{E2FEFCB7-D29F-47AD-BFE4-9DC02FEABF5D}.Release|Any CPU.ActiveCfg = Release|Any CPU
		{E2FEFCB7-D29F-47AD-BFE4-9DC02FEABF5D}.Release|Any CPU.Build.0 = Release|Any CPU
		{E2FEFCB7-D29F-47AD-BFE4-9DC02FEABF5D}.Release|ARM.ActiveCfg = Release|Any CPU
		{E2FEFCB7-D29F-47AD-BFE4-9DC02FEABF5D}.Release|ARM.Build.0 = Release|Any CPU
		{E2FEFCB7-D29F-47AD-BFE4-9DC02FEABF5D}.Release|iPhone.ActiveCfg = Release|Any CPU
		{E2FEFCB7-D29F-47AD-BFE4-9DC02FEABF5D}.Release|iPhone.Build.0 = Release|Any CPU
		{E2FEFCB7-D29F-47AD-BFE4-9DC02FEABF5D}.Release|iPhoneSimulator.ActiveCfg = Release|Any CPU
		{E2FEFCB7-D29F-47AD-BFE4-9DC02FEABF5D}.Release|iPhoneSimulator.Build.0 = Release|Any CPU
		{E2FEFCB7-D29F-47AD-BFE4-9DC02FEABF5D}.Release|x64.ActiveCfg = Release|Any CPU
		{E2FEFCB7-D29F-47AD-BFE4-9DC02FEABF5D}.Release|x64.Build.0 = Release|Any CPU
		{E2FEFCB7-D29F-47AD-BFE4-9DC02FEABF5D}.Release|x86.ActiveCfg = Release|Any CPU
		{E2FEFCB7-D29F-47AD-BFE4-9DC02FEABF5D}.Release|x86.Build.0 = Release|Any CPU
		{0CCFEEE5-54E1-45F6-B699-D64CE5A36F00}.Ad-Hoc|Any CPU.ActiveCfg = Release|Any CPU
		{0CCFEEE5-54E1-45F6-B699-D64CE5A36F00}.Ad-Hoc|Any CPU.Build.0 = Release|Any CPU
		{0CCFEEE5-54E1-45F6-B699-D64CE5A36F00}.Ad-Hoc|ARM.ActiveCfg = Release|Any CPU
		{0CCFEEE5-54E1-45F6-B699-D64CE5A36F00}.Ad-Hoc|ARM.Build.0 = Release|Any CPU
		{0CCFEEE5-54E1-45F6-B699-D64CE5A36F00}.Ad-Hoc|iPhone.ActiveCfg = Release|Any CPU
		{0CCFEEE5-54E1-45F6-B699-D64CE5A36F00}.Ad-Hoc|iPhone.Build.0 = Release|Any CPU
		{0CCFEEE5-54E1-45F6-B699-D64CE5A36F00}.Ad-Hoc|iPhoneSimulator.ActiveCfg = Release|Any CPU
		{0CCFEEE5-54E1-45F6-B699-D64CE5A36F00}.Ad-Hoc|iPhoneSimulator.Build.0 = Release|Any CPU
		{0CCFEEE5-54E1-45F6-B699-D64CE5A36F00}.Ad-Hoc|x64.ActiveCfg = Release|Any CPU
		{0CCFEEE5-54E1-45F6-B699-D64CE5A36F00}.Ad-Hoc|x64.Build.0 = Release|Any CPU
		{0CCFEEE5-54E1-45F6-B699-D64CE5A36F00}.Ad-Hoc|x86.ActiveCfg = Release|Any CPU
		{0CCFEEE5-54E1-45F6-B699-D64CE5A36F00}.Ad-Hoc|x86.Build.0 = Release|Any CPU
		{0CCFEEE5-54E1-45F6-B699-D64CE5A36F00}.AppStore|Any CPU.ActiveCfg = Release|Any CPU
		{0CCFEEE5-54E1-45F6-B699-D64CE5A36F00}.AppStore|Any CPU.Build.0 = Release|Any CPU
		{0CCFEEE5-54E1-45F6-B699-D64CE5A36F00}.AppStore|ARM.ActiveCfg = Release|Any CPU
		{0CCFEEE5-54E1-45F6-B699-D64CE5A36F00}.AppStore|ARM.Build.0 = Release|Any CPU
		{0CCFEEE5-54E1-45F6-B699-D64CE5A36F00}.AppStore|iPhone.ActiveCfg = Release|Any CPU
		{0CCFEEE5-54E1-45F6-B699-D64CE5A36F00}.AppStore|iPhone.Build.0 = Release|Any CPU
		{0CCFEEE5-54E1-45F6-B699-D64CE5A36F00}.AppStore|iPhoneSimulator.ActiveCfg = Release|Any CPU
		{0CCFEEE5-54E1-45F6-B699-D64CE5A36F00}.AppStore|iPhoneSimulator.Build.0 = Release|Any CPU
		{0CCFEEE5-54E1-45F6-B699-D64CE5A36F00}.AppStore|x64.ActiveCfg = Release|Any CPU
		{0CCFEEE5-54E1-45F6-B699-D64CE5A36F00}.AppStore|x64.Build.0 = Release|Any CPU
		{0CCFEEE5-54E1-45F6-B699-D64CE5A36F00}.AppStore|x86.ActiveCfg = Release|Any CPU
		{0CCFEEE5-54E1-45F6-B699-D64CE5A36F00}.AppStore|x86.Build.0 = Release|Any CPU
		{0CCFEEE5-54E1-45F6-B699-D64CE5A36F00}.Debug|Any CPU.ActiveCfg = Debug|Any CPU
		{0CCFEEE5-54E1-45F6-B699-D64CE5A36F00}.Debug|Any CPU.Build.0 = Debug|Any CPU
		{0CCFEEE5-54E1-45F6-B699-D64CE5A36F00}.Debug|ARM.ActiveCfg = Debug|Any CPU
		{0CCFEEE5-54E1-45F6-B699-D64CE5A36F00}.Debug|ARM.Build.0 = Debug|Any CPU
		{0CCFEEE5-54E1-45F6-B699-D64CE5A36F00}.Debug|iPhone.ActiveCfg = Debug|Any CPU
		{0CCFEEE5-54E1-45F6-B699-D64CE5A36F00}.Debug|iPhone.Build.0 = Debug|Any CPU
		{0CCFEEE5-54E1-45F6-B699-D64CE5A36F00}.Debug|iPhoneSimulator.ActiveCfg = Debug|Any CPU
		{0CCFEEE5-54E1-45F6-B699-D64CE5A36F00}.Debug|iPhoneSimulator.Build.0 = Debug|Any CPU
		{0CCFEEE5-54E1-45F6-B699-D64CE5A36F00}.Debug|x64.ActiveCfg = Debug|Any CPU
		{0CCFEEE5-54E1-45F6-B699-D64CE5A36F00}.Debug|x64.Build.0 = Debug|Any CPU
		{0CCFEEE5-54E1-45F6-B699-D64CE5A36F00}.Debug|x86.ActiveCfg = Debug|Any CPU
		{0CCFEEE5-54E1-45F6-B699-D64CE5A36F00}.Debug|x86.Build.0 = Debug|Any CPU
		{0CCFEEE5-54E1-45F6-B699-D64CE5A36F00}.Release|Any CPU.ActiveCfg = Release|Any CPU
		{0CCFEEE5-54E1-45F6-B699-D64CE5A36F00}.Release|Any CPU.Build.0 = Release|Any CPU
		{0CCFEEE5-54E1-45F6-B699-D64CE5A36F00}.Release|ARM.ActiveCfg = Release|Any CPU
		{0CCFEEE5-54E1-45F6-B699-D64CE5A36F00}.Release|ARM.Build.0 = Release|Any CPU
		{0CCFEEE5-54E1-45F6-B699-D64CE5A36F00}.Release|iPhone.ActiveCfg = Release|Any CPU
		{0CCFEEE5-54E1-45F6-B699-D64CE5A36F00}.Release|iPhone.Build.0 = Release|Any CPU
		{0CCFEEE5-54E1-45F6-B699-D64CE5A36F00}.Release|iPhoneSimulator.ActiveCfg = Release|Any CPU
		{0CCFEEE5-54E1-45F6-B699-D64CE5A36F00}.Release|iPhoneSimulator.Build.0 = Release|Any CPU
		{0CCFEEE5-54E1-45F6-B699-D64CE5A36F00}.Release|x64.ActiveCfg = Release|Any CPU
		{0CCFEEE5-54E1-45F6-B699-D64CE5A36F00}.Release|x64.Build.0 = Release|Any CPU
		{0CCFEEE5-54E1-45F6-B699-D64CE5A36F00}.Release|x86.ActiveCfg = Release|Any CPU
		{0CCFEEE5-54E1-45F6-B699-D64CE5A36F00}.Release|x86.Build.0 = Release|Any CPU
		{073B3F16-C162-43F6-A0A2-0D4008BF817D}.Ad-Hoc|Any CPU.ActiveCfg = Release|Any CPU
		{073B3F16-C162-43F6-A0A2-0D4008BF817D}.Ad-Hoc|Any CPU.Build.0 = Release|Any CPU
		{073B3F16-C162-43F6-A0A2-0D4008BF817D}.Ad-Hoc|ARM.ActiveCfg = Release|Any CPU
		{073B3F16-C162-43F6-A0A2-0D4008BF817D}.Ad-Hoc|ARM.Build.0 = Release|Any CPU
		{073B3F16-C162-43F6-A0A2-0D4008BF817D}.Ad-Hoc|iPhone.ActiveCfg = Release|Any CPU
		{073B3F16-C162-43F6-A0A2-0D4008BF817D}.Ad-Hoc|iPhone.Build.0 = Release|Any CPU
		{073B3F16-C162-43F6-A0A2-0D4008BF817D}.Ad-Hoc|iPhoneSimulator.ActiveCfg = Release|Any CPU
		{073B3F16-C162-43F6-A0A2-0D4008BF817D}.Ad-Hoc|iPhoneSimulator.Build.0 = Release|Any CPU
		{073B3F16-C162-43F6-A0A2-0D4008BF817D}.Ad-Hoc|x64.ActiveCfg = Release|Any CPU
		{073B3F16-C162-43F6-A0A2-0D4008BF817D}.Ad-Hoc|x64.Build.0 = Release|Any CPU
		{073B3F16-C162-43F6-A0A2-0D4008BF817D}.Ad-Hoc|x86.ActiveCfg = Release|Any CPU
		{073B3F16-C162-43F6-A0A2-0D4008BF817D}.Ad-Hoc|x86.Build.0 = Release|Any CPU
		{073B3F16-C162-43F6-A0A2-0D4008BF817D}.AppStore|Any CPU.ActiveCfg = Release|Any CPU
		{073B3F16-C162-43F6-A0A2-0D4008BF817D}.AppStore|Any CPU.Build.0 = Release|Any CPU
		{073B3F16-C162-43F6-A0A2-0D4008BF817D}.AppStore|ARM.ActiveCfg = Release|Any CPU
		{073B3F16-C162-43F6-A0A2-0D4008BF817D}.AppStore|ARM.Build.0 = Release|Any CPU
		{073B3F16-C162-43F6-A0A2-0D4008BF817D}.AppStore|iPhone.ActiveCfg = Release|Any CPU
		{073B3F16-C162-43F6-A0A2-0D4008BF817D}.AppStore|iPhone.Build.0 = Release|Any CPU
		{073B3F16-C162-43F6-A0A2-0D4008BF817D}.AppStore|iPhoneSimulator.ActiveCfg = Release|Any CPU
		{073B3F16-C162-43F6-A0A2-0D4008BF817D}.AppStore|iPhoneSimulator.Build.0 = Release|Any CPU
		{073B3F16-C162-43F6-A0A2-0D4008BF817D}.AppStore|x64.ActiveCfg = Release|Any CPU
		{073B3F16-C162-43F6-A0A2-0D4008BF817D}.AppStore|x64.Build.0 = Release|Any CPU
		{073B3F16-C162-43F6-A0A2-0D4008BF817D}.AppStore|x86.ActiveCfg = Release|Any CPU
		{073B3F16-C162-43F6-A0A2-0D4008BF817D}.AppStore|x86.Build.0 = Release|Any CPU
		{073B3F16-C162-43F6-A0A2-0D4008BF817D}.Debug|Any CPU.ActiveCfg = Debug|Any CPU
		{073B3F16-C162-43F6-A0A2-0D4008BF817D}.Debug|Any CPU.Build.0 = Debug|Any CPU
		{073B3F16-C162-43F6-A0A2-0D4008BF817D}.Debug|ARM.ActiveCfg = Debug|Any CPU
		{073B3F16-C162-43F6-A0A2-0D4008BF817D}.Debug|ARM.Build.0 = Debug|Any CPU
		{073B3F16-C162-43F6-A0A2-0D4008BF817D}.Debug|iPhone.ActiveCfg = Debug|Any CPU
		{073B3F16-C162-43F6-A0A2-0D4008BF817D}.Debug|iPhone.Build.0 = Debug|Any CPU
		{073B3F16-C162-43F6-A0A2-0D4008BF817D}.Debug|iPhoneSimulator.ActiveCfg = Debug|Any CPU
		{073B3F16-C162-43F6-A0A2-0D4008BF817D}.Debug|iPhoneSimulator.Build.0 = Debug|Any CPU
		{073B3F16-C162-43F6-A0A2-0D4008BF817D}.Debug|x64.ActiveCfg = Debug|Any CPU
		{073B3F16-C162-43F6-A0A2-0D4008BF817D}.Debug|x64.Build.0 = Debug|Any CPU
		{073B3F16-C162-43F6-A0A2-0D4008BF817D}.Debug|x86.ActiveCfg = Debug|Any CPU
		{073B3F16-C162-43F6-A0A2-0D4008BF817D}.Debug|x86.Build.0 = Debug|Any CPU
		{073B3F16-C162-43F6-A0A2-0D4008BF817D}.Release|Any CPU.ActiveCfg = Release|Any CPU
		{073B3F16-C162-43F6-A0A2-0D4008BF817D}.Release|Any CPU.Build.0 = Release|Any CPU
		{073B3F16-C162-43F6-A0A2-0D4008BF817D}.Release|ARM.ActiveCfg = Release|Any CPU
		{073B3F16-C162-43F6-A0A2-0D4008BF817D}.Release|ARM.Build.0 = Release|Any CPU
		{073B3F16-C162-43F6-A0A2-0D4008BF817D}.Release|iPhone.ActiveCfg = Release|Any CPU
		{073B3F16-C162-43F6-A0A2-0D4008BF817D}.Release|iPhone.Build.0 = Release|Any CPU
		{073B3F16-C162-43F6-A0A2-0D4008BF817D}.Release|iPhoneSimulator.ActiveCfg = Release|Any CPU
		{073B3F16-C162-43F6-A0A2-0D4008BF817D}.Release|iPhoneSimulator.Build.0 = Release|Any CPU
		{073B3F16-C162-43F6-A0A2-0D4008BF817D}.Release|x64.ActiveCfg = Release|Any CPU
		{073B3F16-C162-43F6-A0A2-0D4008BF817D}.Release|x64.Build.0 = Release|Any CPU
		{073B3F16-C162-43F6-A0A2-0D4008BF817D}.Release|x86.ActiveCfg = Release|Any CPU
		{073B3F16-C162-43F6-A0A2-0D4008BF817D}.Release|x86.Build.0 = Release|Any CPU
		{A9CF579A-C302-46EB-86AA-A346B1855C30}.Ad-Hoc|Any CPU.ActiveCfg = Release|Any CPU
		{A9CF579A-C302-46EB-86AA-A346B1855C30}.Ad-Hoc|Any CPU.Build.0 = Release|Any CPU
		{A9CF579A-C302-46EB-86AA-A346B1855C30}.Ad-Hoc|ARM.ActiveCfg = Release|Any CPU
		{A9CF579A-C302-46EB-86AA-A346B1855C30}.Ad-Hoc|ARM.Build.0 = Release|Any CPU
		{A9CF579A-C302-46EB-86AA-A346B1855C30}.Ad-Hoc|iPhone.ActiveCfg = Release|Any CPU
		{A9CF579A-C302-46EB-86AA-A346B1855C30}.Ad-Hoc|iPhone.Build.0 = Release|Any CPU
		{A9CF579A-C302-46EB-86AA-A346B1855C30}.Ad-Hoc|iPhoneSimulator.ActiveCfg = Release|Any CPU
		{A9CF579A-C302-46EB-86AA-A346B1855C30}.Ad-Hoc|iPhoneSimulator.Build.0 = Release|Any CPU
		{A9CF579A-C302-46EB-86AA-A346B1855C30}.Ad-Hoc|x64.ActiveCfg = Release|Any CPU
		{A9CF579A-C302-46EB-86AA-A346B1855C30}.Ad-Hoc|x64.Build.0 = Release|Any CPU
		{A9CF579A-C302-46EB-86AA-A346B1855C30}.Ad-Hoc|x86.ActiveCfg = Release|Any CPU
		{A9CF579A-C302-46EB-86AA-A346B1855C30}.Ad-Hoc|x86.Build.0 = Release|Any CPU
		{A9CF579A-C302-46EB-86AA-A346B1855C30}.AppStore|Any CPU.ActiveCfg = Release|Any CPU
		{A9CF579A-C302-46EB-86AA-A346B1855C30}.AppStore|Any CPU.Build.0 = Release|Any CPU
		{A9CF579A-C302-46EB-86AA-A346B1855C30}.AppStore|ARM.ActiveCfg = Release|Any CPU
		{A9CF579A-C302-46EB-86AA-A346B1855C30}.AppStore|ARM.Build.0 = Release|Any CPU
		{A9CF579A-C302-46EB-86AA-A346B1855C30}.AppStore|iPhone.ActiveCfg = Release|Any CPU
		{A9CF579A-C302-46EB-86AA-A346B1855C30}.AppStore|iPhone.Build.0 = Release|Any CPU
		{A9CF579A-C302-46EB-86AA-A346B1855C30}.AppStore|iPhoneSimulator.ActiveCfg = Release|Any CPU
		{A9CF579A-C302-46EB-86AA-A346B1855C30}.AppStore|iPhoneSimulator.Build.0 = Release|Any CPU
		{A9CF579A-C302-46EB-86AA-A346B1855C30}.AppStore|x64.ActiveCfg = Release|Any CPU
		{A9CF579A-C302-46EB-86AA-A346B1855C30}.AppStore|x64.Build.0 = Release|Any CPU
		{A9CF579A-C302-46EB-86AA-A346B1855C30}.AppStore|x86.ActiveCfg = Release|Any CPU
		{A9CF579A-C302-46EB-86AA-A346B1855C30}.AppStore|x86.Build.0 = Release|Any CPU
		{A9CF579A-C302-46EB-86AA-A346B1855C30}.Debug|Any CPU.ActiveCfg = Debug|Any CPU
		{A9CF579A-C302-46EB-86AA-A346B1855C30}.Debug|Any CPU.Build.0 = Debug|Any CPU
		{A9CF579A-C302-46EB-86AA-A346B1855C30}.Debug|ARM.ActiveCfg = Debug|Any CPU
		{A9CF579A-C302-46EB-86AA-A346B1855C30}.Debug|ARM.Build.0 = Debug|Any CPU
		{A9CF579A-C302-46EB-86AA-A346B1855C30}.Debug|iPhone.ActiveCfg = Debug|Any CPU
		{A9CF579A-C302-46EB-86AA-A346B1855C30}.Debug|iPhone.Build.0 = Debug|Any CPU
		{A9CF579A-C302-46EB-86AA-A346B1855C30}.Debug|iPhoneSimulator.ActiveCfg = Debug|Any CPU
		{A9CF579A-C302-46EB-86AA-A346B1855C30}.Debug|iPhoneSimulator.Build.0 = Debug|Any CPU
		{A9CF579A-C302-46EB-86AA-A346B1855C30}.Debug|x64.ActiveCfg = Debug|Any CPU
		{A9CF579A-C302-46EB-86AA-A346B1855C30}.Debug|x64.Build.0 = Debug|Any CPU
		{A9CF579A-C302-46EB-86AA-A346B1855C30}.Debug|x86.ActiveCfg = Debug|Any CPU
		{A9CF579A-C302-46EB-86AA-A346B1855C30}.Debug|x86.Build.0 = Debug|Any CPU
		{A9CF579A-C302-46EB-86AA-A346B1855C30}.Release|Any CPU.ActiveCfg = Release|Any CPU
		{A9CF579A-C302-46EB-86AA-A346B1855C30}.Release|Any CPU.Build.0 = Release|Any CPU
		{A9CF579A-C302-46EB-86AA-A346B1855C30}.Release|ARM.ActiveCfg = Release|Any CPU
		{A9CF579A-C302-46EB-86AA-A346B1855C30}.Release|ARM.Build.0 = Release|Any CPU
		{A9CF579A-C302-46EB-86AA-A346B1855C30}.Release|iPhone.ActiveCfg = Release|Any CPU
		{A9CF579A-C302-46EB-86AA-A346B1855C30}.Release|iPhone.Build.0 = Release|Any CPU
		{A9CF579A-C302-46EB-86AA-A346B1855C30}.Release|iPhoneSimulator.ActiveCfg = Release|Any CPU
		{A9CF579A-C302-46EB-86AA-A346B1855C30}.Release|iPhoneSimulator.Build.0 = Release|Any CPU
		{A9CF579A-C302-46EB-86AA-A346B1855C30}.Release|x64.ActiveCfg = Release|Any CPU
		{A9CF579A-C302-46EB-86AA-A346B1855C30}.Release|x64.Build.0 = Release|Any CPU
		{A9CF579A-C302-46EB-86AA-A346B1855C30}.Release|x86.ActiveCfg = Release|Any CPU
		{A9CF579A-C302-46EB-86AA-A346B1855C30}.Release|x86.Build.0 = Release|Any CPU
		{DD0C6E1F-1AB9-424E-B268-5ED036CB0072}.Ad-Hoc|Any CPU.ActiveCfg = Release|Any CPU
		{DD0C6E1F-1AB9-424E-B268-5ED036CB0072}.Ad-Hoc|Any CPU.Build.0 = Release|Any CPU
		{DD0C6E1F-1AB9-424E-B268-5ED036CB0072}.Ad-Hoc|ARM.ActiveCfg = Release|Any CPU
		{DD0C6E1F-1AB9-424E-B268-5ED036CB0072}.Ad-Hoc|ARM.Build.0 = Release|Any CPU
		{DD0C6E1F-1AB9-424E-B268-5ED036CB0072}.Ad-Hoc|iPhone.ActiveCfg = Release|Any CPU
		{DD0C6E1F-1AB9-424E-B268-5ED036CB0072}.Ad-Hoc|iPhone.Build.0 = Release|Any CPU
		{DD0C6E1F-1AB9-424E-B268-5ED036CB0072}.Ad-Hoc|iPhoneSimulator.ActiveCfg = Release|Any CPU
		{DD0C6E1F-1AB9-424E-B268-5ED036CB0072}.Ad-Hoc|iPhoneSimulator.Build.0 = Release|Any CPU
		{DD0C6E1F-1AB9-424E-B268-5ED036CB0072}.Ad-Hoc|x64.ActiveCfg = Release|Any CPU
		{DD0C6E1F-1AB9-424E-B268-5ED036CB0072}.Ad-Hoc|x64.Build.0 = Release|Any CPU
		{DD0C6E1F-1AB9-424E-B268-5ED036CB0072}.Ad-Hoc|x86.ActiveCfg = Release|Any CPU
		{DD0C6E1F-1AB9-424E-B268-5ED036CB0072}.Ad-Hoc|x86.Build.0 = Release|Any CPU
		{DD0C6E1F-1AB9-424E-B268-5ED036CB0072}.AppStore|Any CPU.ActiveCfg = Release|Any CPU
		{DD0C6E1F-1AB9-424E-B268-5ED036CB0072}.AppStore|Any CPU.Build.0 = Release|Any CPU
		{DD0C6E1F-1AB9-424E-B268-5ED036CB0072}.AppStore|ARM.ActiveCfg = Release|Any CPU
		{DD0C6E1F-1AB9-424E-B268-5ED036CB0072}.AppStore|ARM.Build.0 = Release|Any CPU
		{DD0C6E1F-1AB9-424E-B268-5ED036CB0072}.AppStore|iPhone.ActiveCfg = Release|Any CPU
		{DD0C6E1F-1AB9-424E-B268-5ED036CB0072}.AppStore|iPhone.Build.0 = Release|Any CPU
		{DD0C6E1F-1AB9-424E-B268-5ED036CB0072}.AppStore|iPhoneSimulator.ActiveCfg = Release|Any CPU
		{DD0C6E1F-1AB9-424E-B268-5ED036CB0072}.AppStore|iPhoneSimulator.Build.0 = Release|Any CPU
		{DD0C6E1F-1AB9-424E-B268-5ED036CB0072}.AppStore|x64.ActiveCfg = Release|Any CPU
		{DD0C6E1F-1AB9-424E-B268-5ED036CB0072}.AppStore|x64.Build.0 = Release|Any CPU
		{DD0C6E1F-1AB9-424E-B268-5ED036CB0072}.AppStore|x86.ActiveCfg = Release|Any CPU
		{DD0C6E1F-1AB9-424E-B268-5ED036CB0072}.AppStore|x86.Build.0 = Release|Any CPU
		{DD0C6E1F-1AB9-424E-B268-5ED036CB0072}.Debug|Any CPU.ActiveCfg = Debug|Any CPU
		{DD0C6E1F-1AB9-424E-B268-5ED036CB0072}.Debug|Any CPU.Build.0 = Debug|Any CPU
		{DD0C6E1F-1AB9-424E-B268-5ED036CB0072}.Debug|ARM.ActiveCfg = Debug|Any CPU
		{DD0C6E1F-1AB9-424E-B268-5ED036CB0072}.Debug|ARM.Build.0 = Debug|Any CPU
		{DD0C6E1F-1AB9-424E-B268-5ED036CB0072}.Debug|iPhone.ActiveCfg = Debug|Any CPU
		{DD0C6E1F-1AB9-424E-B268-5ED036CB0072}.Debug|iPhone.Build.0 = Debug|Any CPU
		{DD0C6E1F-1AB9-424E-B268-5ED036CB0072}.Debug|iPhoneSimulator.ActiveCfg = Debug|Any CPU
		{DD0C6E1F-1AB9-424E-B268-5ED036CB0072}.Debug|iPhoneSimulator.Build.0 = Debug|Any CPU
		{DD0C6E1F-1AB9-424E-B268-5ED036CB0072}.Debug|x64.ActiveCfg = Debug|Any CPU
		{DD0C6E1F-1AB9-424E-B268-5ED036CB0072}.Debug|x64.Build.0 = Debug|Any CPU
		{DD0C6E1F-1AB9-424E-B268-5ED036CB0072}.Debug|x86.ActiveCfg = Debug|Any CPU
		{DD0C6E1F-1AB9-424E-B268-5ED036CB0072}.Debug|x86.Build.0 = Debug|Any CPU
		{DD0C6E1F-1AB9-424E-B268-5ED036CB0072}.Release|Any CPU.ActiveCfg = Release|Any CPU
		{DD0C6E1F-1AB9-424E-B268-5ED036CB0072}.Release|Any CPU.Build.0 = Release|Any CPU
		{DD0C6E1F-1AB9-424E-B268-5ED036CB0072}.Release|ARM.ActiveCfg = Release|Any CPU
		{DD0C6E1F-1AB9-424E-B268-5ED036CB0072}.Release|ARM.Build.0 = Release|Any CPU
		{DD0C6E1F-1AB9-424E-B268-5ED036CB0072}.Release|iPhone.ActiveCfg = Release|Any CPU
		{DD0C6E1F-1AB9-424E-B268-5ED036CB0072}.Release|iPhone.Build.0 = Release|Any CPU
		{DD0C6E1F-1AB9-424E-B268-5ED036CB0072}.Release|iPhoneSimulator.ActiveCfg = Release|Any CPU
		{DD0C6E1F-1AB9-424E-B268-5ED036CB0072}.Release|iPhoneSimulator.Build.0 = Release|Any CPU
		{DD0C6E1F-1AB9-424E-B268-5ED036CB0072}.Release|x64.ActiveCfg = Release|Any CPU
		{DD0C6E1F-1AB9-424E-B268-5ED036CB0072}.Release|x64.Build.0 = Release|Any CPU
		{DD0C6E1F-1AB9-424E-B268-5ED036CB0072}.Release|x86.ActiveCfg = Release|Any CPU
		{DD0C6E1F-1AB9-424E-B268-5ED036CB0072}.Release|x86.Build.0 = Release|Any CPU
		{E09B41F3-31E7-4E2D-83AA-E74176BD28D7}.Ad-Hoc|Any CPU.ActiveCfg = Release|Any CPU
		{E09B41F3-31E7-4E2D-83AA-E74176BD28D7}.Ad-Hoc|Any CPU.Build.0 = Release|Any CPU
		{E09B41F3-31E7-4E2D-83AA-E74176BD28D7}.Ad-Hoc|ARM.ActiveCfg = Release|Any CPU
		{E09B41F3-31E7-4E2D-83AA-E74176BD28D7}.Ad-Hoc|ARM.Build.0 = Release|Any CPU
		{E09B41F3-31E7-4E2D-83AA-E74176BD28D7}.Ad-Hoc|iPhone.ActiveCfg = Release|Any CPU
		{E09B41F3-31E7-4E2D-83AA-E74176BD28D7}.Ad-Hoc|iPhone.Build.0 = Release|Any CPU
		{E09B41F3-31E7-4E2D-83AA-E74176BD28D7}.Ad-Hoc|iPhoneSimulator.ActiveCfg = Release|Any CPU
		{E09B41F3-31E7-4E2D-83AA-E74176BD28D7}.Ad-Hoc|iPhoneSimulator.Build.0 = Release|Any CPU
		{E09B41F3-31E7-4E2D-83AA-E74176BD28D7}.Ad-Hoc|x64.ActiveCfg = Release|Any CPU
		{E09B41F3-31E7-4E2D-83AA-E74176BD28D7}.Ad-Hoc|x64.Build.0 = Release|Any CPU
		{E09B41F3-31E7-4E2D-83AA-E74176BD28D7}.Ad-Hoc|x86.ActiveCfg = Release|Any CPU
		{E09B41F3-31E7-4E2D-83AA-E74176BD28D7}.Ad-Hoc|x86.Build.0 = Release|Any CPU
		{E09B41F3-31E7-4E2D-83AA-E74176BD28D7}.AppStore|Any CPU.ActiveCfg = Release|Any CPU
		{E09B41F3-31E7-4E2D-83AA-E74176BD28D7}.AppStore|Any CPU.Build.0 = Release|Any CPU
		{E09B41F3-31E7-4E2D-83AA-E74176BD28D7}.AppStore|ARM.ActiveCfg = Release|Any CPU
		{E09B41F3-31E7-4E2D-83AA-E74176BD28D7}.AppStore|ARM.Build.0 = Release|Any CPU
		{E09B41F3-31E7-4E2D-83AA-E74176BD28D7}.AppStore|iPhone.ActiveCfg = Release|Any CPU
		{E09B41F3-31E7-4E2D-83AA-E74176BD28D7}.AppStore|iPhone.Build.0 = Release|Any CPU
		{E09B41F3-31E7-4E2D-83AA-E74176BD28D7}.AppStore|iPhoneSimulator.ActiveCfg = Release|Any CPU
		{E09B41F3-31E7-4E2D-83AA-E74176BD28D7}.AppStore|iPhoneSimulator.Build.0 = Release|Any CPU
		{E09B41F3-31E7-4E2D-83AA-E74176BD28D7}.AppStore|x64.ActiveCfg = Release|Any CPU
		{E09B41F3-31E7-4E2D-83AA-E74176BD28D7}.AppStore|x64.Build.0 = Release|Any CPU
		{E09B41F3-31E7-4E2D-83AA-E74176BD28D7}.AppStore|x86.ActiveCfg = Release|Any CPU
		{E09B41F3-31E7-4E2D-83AA-E74176BD28D7}.AppStore|x86.Build.0 = Release|Any CPU
		{E09B41F3-31E7-4E2D-83AA-E74176BD28D7}.Debug|Any CPU.ActiveCfg = Debug|Any CPU
		{E09B41F3-31E7-4E2D-83AA-E74176BD28D7}.Debug|Any CPU.Build.0 = Debug|Any CPU
		{E09B41F3-31E7-4E2D-83AA-E74176BD28D7}.Debug|ARM.ActiveCfg = Debug|Any CPU
		{E09B41F3-31E7-4E2D-83AA-E74176BD28D7}.Debug|ARM.Build.0 = Debug|Any CPU
		{E09B41F3-31E7-4E2D-83AA-E74176BD28D7}.Debug|iPhone.ActiveCfg = Debug|Any CPU
		{E09B41F3-31E7-4E2D-83AA-E74176BD28D7}.Debug|iPhone.Build.0 = Debug|Any CPU
		{E09B41F3-31E7-4E2D-83AA-E74176BD28D7}.Debug|iPhoneSimulator.ActiveCfg = Debug|Any CPU
		{E09B41F3-31E7-4E2D-83AA-E74176BD28D7}.Debug|iPhoneSimulator.Build.0 = Debug|Any CPU
		{E09B41F3-31E7-4E2D-83AA-E74176BD28D7}.Debug|x64.ActiveCfg = Debug|Any CPU
		{E09B41F3-31E7-4E2D-83AA-E74176BD28D7}.Debug|x64.Build.0 = Debug|Any CPU
		{E09B41F3-31E7-4E2D-83AA-E74176BD28D7}.Debug|x86.ActiveCfg = Debug|Any CPU
		{E09B41F3-31E7-4E2D-83AA-E74176BD28D7}.Debug|x86.Build.0 = Debug|Any CPU
		{E09B41F3-31E7-4E2D-83AA-E74176BD28D7}.Release|Any CPU.ActiveCfg = Release|Any CPU
		{E09B41F3-31E7-4E2D-83AA-E74176BD28D7}.Release|Any CPU.Build.0 = Release|Any CPU
		{E09B41F3-31E7-4E2D-83AA-E74176BD28D7}.Release|ARM.ActiveCfg = Release|Any CPU
		{E09B41F3-31E7-4E2D-83AA-E74176BD28D7}.Release|ARM.Build.0 = Release|Any CPU
		{E09B41F3-31E7-4E2D-83AA-E74176BD28D7}.Release|iPhone.ActiveCfg = Release|Any CPU
		{E09B41F3-31E7-4E2D-83AA-E74176BD28D7}.Release|iPhone.Build.0 = Release|Any CPU
		{E09B41F3-31E7-4E2D-83AA-E74176BD28D7}.Release|iPhoneSimulator.ActiveCfg = Release|Any CPU
		{E09B41F3-31E7-4E2D-83AA-E74176BD28D7}.Release|iPhoneSimulator.Build.0 = Release|Any CPU
		{E09B41F3-31E7-4E2D-83AA-E74176BD28D7}.Release|x64.ActiveCfg = Release|Any CPU
		{E09B41F3-31E7-4E2D-83AA-E74176BD28D7}.Release|x64.Build.0 = Release|Any CPU
		{E09B41F3-31E7-4E2D-83AA-E74176BD28D7}.Release|x86.ActiveCfg = Release|Any CPU
		{E09B41F3-31E7-4E2D-83AA-E74176BD28D7}.Release|x86.Build.0 = Release|Any CPU
		{9A144F78-F873-47D5-AC54-51EA02DCF83A}.Ad-Hoc|Any CPU.ActiveCfg = Release|Any CPU
		{9A144F78-F873-47D5-AC54-51EA02DCF83A}.Ad-Hoc|Any CPU.Build.0 = Release|Any CPU
		{9A144F78-F873-47D5-AC54-51EA02DCF83A}.Ad-Hoc|ARM.ActiveCfg = Release|Any CPU
		{9A144F78-F873-47D5-AC54-51EA02DCF83A}.Ad-Hoc|ARM.Build.0 = Release|Any CPU
		{9A144F78-F873-47D5-AC54-51EA02DCF83A}.Ad-Hoc|iPhone.ActiveCfg = Release|Any CPU
		{9A144F78-F873-47D5-AC54-51EA02DCF83A}.Ad-Hoc|iPhone.Build.0 = Release|Any CPU
		{9A144F78-F873-47D5-AC54-51EA02DCF83A}.Ad-Hoc|iPhoneSimulator.ActiveCfg = Release|Any CPU
		{9A144F78-F873-47D5-AC54-51EA02DCF83A}.Ad-Hoc|iPhoneSimulator.Build.0 = Release|Any CPU
		{9A144F78-F873-47D5-AC54-51EA02DCF83A}.Ad-Hoc|x64.ActiveCfg = Release|Any CPU
		{9A144F78-F873-47D5-AC54-51EA02DCF83A}.Ad-Hoc|x64.Build.0 = Release|Any CPU
		{9A144F78-F873-47D5-AC54-51EA02DCF83A}.Ad-Hoc|x86.ActiveCfg = Release|Any CPU
		{9A144F78-F873-47D5-AC54-51EA02DCF83A}.Ad-Hoc|x86.Build.0 = Release|Any CPU
		{9A144F78-F873-47D5-AC54-51EA02DCF83A}.AppStore|Any CPU.ActiveCfg = Release|Any CPU
		{9A144F78-F873-47D5-AC54-51EA02DCF83A}.AppStore|Any CPU.Build.0 = Release|Any CPU
		{9A144F78-F873-47D5-AC54-51EA02DCF83A}.AppStore|ARM.ActiveCfg = Release|Any CPU
		{9A144F78-F873-47D5-AC54-51EA02DCF83A}.AppStore|ARM.Build.0 = Release|Any CPU
		{9A144F78-F873-47D5-AC54-51EA02DCF83A}.AppStore|iPhone.ActiveCfg = Release|Any CPU
		{9A144F78-F873-47D5-AC54-51EA02DCF83A}.AppStore|iPhone.Build.0 = Release|Any CPU
		{9A144F78-F873-47D5-AC54-51EA02DCF83A}.AppStore|iPhoneSimulator.ActiveCfg = Release|Any CPU
		{9A144F78-F873-47D5-AC54-51EA02DCF83A}.AppStore|iPhoneSimulator.Build.0 = Release|Any CPU
		{9A144F78-F873-47D5-AC54-51EA02DCF83A}.AppStore|x64.ActiveCfg = Release|Any CPU
		{9A144F78-F873-47D5-AC54-51EA02DCF83A}.AppStore|x64.Build.0 = Release|Any CPU
		{9A144F78-F873-47D5-AC54-51EA02DCF83A}.AppStore|x86.ActiveCfg = Release|Any CPU
		{9A144F78-F873-47D5-AC54-51EA02DCF83A}.AppStore|x86.Build.0 = Release|Any CPU
		{9A144F78-F873-47D5-AC54-51EA02DCF83A}.Debug|Any CPU.ActiveCfg = Debug|Any CPU
		{9A144F78-F873-47D5-AC54-51EA02DCF83A}.Debug|Any CPU.Build.0 = Debug|Any CPU
		{9A144F78-F873-47D5-AC54-51EA02DCF83A}.Debug|ARM.ActiveCfg = Debug|Any CPU
		{9A144F78-F873-47D5-AC54-51EA02DCF83A}.Debug|ARM.Build.0 = Debug|Any CPU
		{9A144F78-F873-47D5-AC54-51EA02DCF83A}.Debug|iPhone.ActiveCfg = Debug|Any CPU
		{9A144F78-F873-47D5-AC54-51EA02DCF83A}.Debug|iPhone.Build.0 = Debug|Any CPU
		{9A144F78-F873-47D5-AC54-51EA02DCF83A}.Debug|iPhoneSimulator.ActiveCfg = Debug|Any CPU
		{9A144F78-F873-47D5-AC54-51EA02DCF83A}.Debug|iPhoneSimulator.Build.0 = Debug|Any CPU
		{9A144F78-F873-47D5-AC54-51EA02DCF83A}.Debug|x64.ActiveCfg = Debug|Any CPU
		{9A144F78-F873-47D5-AC54-51EA02DCF83A}.Debug|x64.Build.0 = Debug|Any CPU
		{9A144F78-F873-47D5-AC54-51EA02DCF83A}.Debug|x86.ActiveCfg = Debug|Any CPU
		{9A144F78-F873-47D5-AC54-51EA02DCF83A}.Debug|x86.Build.0 = Debug|Any CPU
		{9A144F78-F873-47D5-AC54-51EA02DCF83A}.Release|Any CPU.ActiveCfg = Release|Any CPU
		{9A144F78-F873-47D5-AC54-51EA02DCF83A}.Release|Any CPU.Build.0 = Release|Any CPU
		{9A144F78-F873-47D5-AC54-51EA02DCF83A}.Release|ARM.ActiveCfg = Release|Any CPU
		{9A144F78-F873-47D5-AC54-51EA02DCF83A}.Release|ARM.Build.0 = Release|Any CPU
		{9A144F78-F873-47D5-AC54-51EA02DCF83A}.Release|iPhone.ActiveCfg = Release|Any CPU
		{9A144F78-F873-47D5-AC54-51EA02DCF83A}.Release|iPhone.Build.0 = Release|Any CPU
		{9A144F78-F873-47D5-AC54-51EA02DCF83A}.Release|iPhoneSimulator.ActiveCfg = Release|Any CPU
		{9A144F78-F873-47D5-AC54-51EA02DCF83A}.Release|iPhoneSimulator.Build.0 = Release|Any CPU
		{9A144F78-F873-47D5-AC54-51EA02DCF83A}.Release|x64.ActiveCfg = Release|Any CPU
		{9A144F78-F873-47D5-AC54-51EA02DCF83A}.Release|x64.Build.0 = Release|Any CPU
		{9A144F78-F873-47D5-AC54-51EA02DCF83A}.Release|x86.ActiveCfg = Release|Any CPU
		{9A144F78-F873-47D5-AC54-51EA02DCF83A}.Release|x86.Build.0 = Release|Any CPU
	EndGlobalSection
	GlobalSection(SolutionProperties) = preSolution
		HideSolutionNode = FALSE
	EndGlobalSection
	GlobalSection(NestedProjects) = preSolution
		{E2FEFCB7-D29F-47AD-BFE4-9DC02FEABF5D} = {3A74A015-D3F5-4A53-8B59-D6FCBFF08640}
		{0CCFEEE5-54E1-45F6-B699-D64CE5A36F00} = {3A74A015-D3F5-4A53-8B59-D6FCBFF08640}
		{073B3F16-C162-43F6-A0A2-0D4008BF817D} = {3A74A015-D3F5-4A53-8B59-D6FCBFF08640}
		{A9CF579A-C302-46EB-86AA-A346B1855C30} = {3A74A015-D3F5-4A53-8B59-D6FCBFF08640}
		{DD0C6E1F-1AB9-424E-B268-5ED036CB0072} = {3A74A015-D3F5-4A53-8B59-D6FCBFF08640}
		{E09B41F3-31E7-4E2D-83AA-E74176BD28D7} = {3A74A015-D3F5-4A53-8B59-D6FCBFF08640}
		{9A144F78-F873-47D5-AC54-51EA02DCF83A} = {3A74A015-D3F5-4A53-8B59-D6FCBFF08640}
	EndGlobalSection
EndGlobal
